
Microsoft Visual Studio Solution File, Format Version 12.00
# Visual Studio 15
VisualStudioVersion = 15.0.28307.1622
MinimumVisualStudioVersion = 10.0.40219.1
Project("{FAE04EC0-301F-11D3-BF4B-00C04F79EFBC}") = "自游飞机", "自游飞机\自游飞机.csproj", "{7B3441DB-65A9-4BE1-8200-F4BF63806372}"
EndProject
Global
	GlobalSection(SolutionConfigurationPlatforms) = preSolution
		Debug|Any CPU = Debug|Any CPU
		Release|Any CPU = Release|Any CPU
	EndGlobalSection
	GlobalSection(ProjectConfigurationPlatforms) = postSolution
		{7B3441DB-65A9-4BE1-8200-F4BF63806372}.Debug|Any CPU.ActiveCfg = Debug|Any CPU
		{7B3441DB-65A9-4BE1-8200-F4BF63806372}.Debug|Any CPU.Build.0 = Debug|Any CPU
		{7B3441DB-65A9-4BE1-8200-F4BF63806372}.Release|Any CPU.ActiveCfg = Release|Any CPU
		{7B3441DB-65A9-4BE1-8200-F4BF63806372}.Release|Any CPU.Build.0 = Release|Any CPU
	EndGlobalSection
	GlobalSection(SolutionProperties) = preSolution
		HideSolutionNode = FALSE
	EndGlobalSection
	GlobalSection(ExtensibilityGlobals) = postSolution
		SolutionGuid = {2A3CE3ED-6C38-4038-884D-26C0C1650FF9}
	EndGlobalSection
EndGlobal
